// !$*UTF8*$!
{
	archiveVersion = 1;
	classes = {
	};
	objectVersion = 55;
	objects = {

/* Begin PBXBuildFile section */
		CFC90496279F696E00709A1D /* TacToeModel.xcdatamodeld in Sources */ = {isa = PBXBuildFile; fileRef = CFC90494279F696E00709A1D /* TacToeModel.xcdatamodeld */; };
		CFF4A3992797465E00C8F5AB /* AppDelegate.swift in Sources */ = {isa = PBXBuildFile; fileRef = CFF4A3982797465E00C8F5AB /* AppDelegate.swift */; };
		CFF4A39B2797465E00C8F5AB /* SceneDelegate.swift in Sources */ = {isa = PBXBuildFile; fileRef = CFF4A39A2797465E00C8F5AB /* SceneDelegate.swift */; };
		CFF4A39D2797465E00C8F5AB /* ViewController.swift in Sources */ = {isa = PBXBuildFile; fileRef = CFF4A39C2797465E00C8F5AB /* ViewController.swift */; };
		CFF4A3A02797465E00C8F5AB /* Main.storyboard in Resources */ = {isa = PBXBuildFile; fileRef = CFF4A39E2797465E00C8F5AB /* Main.storyboard */; };
		CFF4A3A22797466000C8F5AB /* Assets.xcassets in Resources */ = {isa = PBXBuildFile; fileRef = CFF4A3A12797466000C8F5AB /* Assets.xcassets */; };
		CFF4A3A52797466000C8F5AB /* LaunchScreen.storyboard in Resources */ = {isa = PBXBuildFile; fileRef = CFF4A3A32797466000C8F5AB /* LaunchScreen.storyboard */; };
		CFF4A3AD279755FB00C8F5AB /* styles.swift in Sources */ = {isa = PBXBuildFile; fileRef = CFF4A3AC279755FB00C8F5AB /* styles.swift */; };
		CFF4A3B127978F7E00C8F5AB /* TacToe.swift in Sources */ = {isa = PBXBuildFile; fileRef = CFF4A3B027978F7E00C8F5AB /* TacToe.swift */; };
/* End PBXBuildFile section */

/* Begin PBXFileReference section */
		CFC90495279F696E00709A1D /* TacToeModel.xcdatamodel */ = {isa = PBXFileReference; lastKnownFileType = wrapper.xcdatamodel; path = TacToeModel.xcdatamodel; sourceTree = "<group>"; };
		CFF4A3952797465E00C8F5AB /* Lab1_litsonThomas_C0834476_iOS.app */ = {isa = PBXFileReference; explicitFileType = wrapper.application; includeInIndex = 0; path = Lab1_litsonThomas_C0834476_iOS.app; sourceTree = BUILT_PRODUCTS_DIR; };
		CFF4A3982797465E00C8F5AB /* AppDelegate.swift */ = {isa = PBXFileReference; lastKnownFileType = sourcecode.swift; path = AppDelegate.swift; sourceTree = "<group>"; };
		CFF4A39A2797465E00C8F5AB /* SceneDelegate.swift */ = {isa = PBXFileReference; lastKnownFileType = sourcecode.swift; path = SceneDelegate.swift; sourceTree = "<group>"; };
		CFF4A39C2797465E00C8F5AB /* ViewController.swift */ = {isa = PBXFileReference; lastKnownFileType = sourcecode.swift; path = ViewController.swift; sourceTree = "<group>"; };
		CFF4A39F2797465E00C8F5AB /* Base */ = {isa = PBXFileReference; lastKnownFileType = file.storyboard; name = Base; path = Base.lproj/Main.storyboard; sourceTree = "<group>"; };
		CFF4A3A12797466000C8F5AB /* Assets.xcassets */ = {isa = PBXFileReference; lastKnownFileType = folder.assetcatalog; path = Assets.xcassets; sourceTree = "<group>"; };
		CFF4A3A42797466000C8F5AB /* Base */ = {isa = PBXFileReference; lastKnownFileType = file.storyboard; name = Base; path = Base.lproj/LaunchScreen.storyboard; sourceTree = "<group>"; };
		CFF4A3A62797466000C8F5AB /* Info.plist */ = {isa = PBXFileReference; lastKnownFileType = text.plist.xml; path = Info.plist; sourceTree = "<group>"; };
		CFF4A3AC279755FB00C8F5AB /* styles.swift */ = {isa = PBXFileReference; lastKnownFileType = sourcecode.swift; path = styles.swift; sourceTree = "<group>"; };
		CFF4A3B027978F7E00C8F5AB /* TacToe.swift */ = {isa = PBXFileReference; lastKnownFileType = sourcecode.swift; path = TacToe.swift; sourceTree = "<group>"; };
/* End PBXFileReference section */

/* Begin PBXFrameworksBuildPhase section */
		CFF4A3922797465E00C8F5AB /* Frameworks */ = {
			isa = PBXFrameworksBuildPhase;
			buildActionMask = 2147483647;
			files = (
			);
			runOnlyForDeploymentPostprocessing = 0;
		};
/* End PBXFrameworksBuildPhase section */

/* Begin PBXGroup section */
		CFF4A38C2797465E00C8F5AB = {
			isa = PBXGroup;
			children = (
				CFF4A3972797465E00C8F5AB /* iOS_advanced_labTest1 */,
				CFF4A3962797465E00C8F5AB /* Products */,
			);
			sourceTree = "<group>";
		};
		CFF4A3962797465E00C8F5AB /* Products */ = {
			isa = PBXGroup;
			children = (
				CFF4A3952797465E00C8F5AB /* Lab1_litsonThomas_C0834476_iOS.app */,
			);
			name = Products;
			sourceTree = "<group>";
		};
		CFF4A3972797465E00C8F5AB /* iOS_advanced_labTest1 */ = {
			isa = PBXGroup;
			children = (
				CFF4A3982797465E00C8F5AB /* AppDelegate.swift */,
				CFF4A39A2797465E00C8F5AB /* SceneDelegate.swift */,
				CFF4A39C2797465E00C8F5AB /* ViewController.swift */,
				CFF4A39E2797465E00C8F5AB /* Main.storyboard */,
				CFF4A3A12797466000C8F5AB /* Assets.xcassets */,
				CFF4A3A32797466000C8F5AB /* LaunchScreen.storyboard */,
				CFF4A3A62797466000C8F5AB /* Info.plist */,
				CFF4A3AC279755FB00C8F5AB /* styles.swift */,
				CFF4A3B027978F7E00C8F5AB /* TacToe.swift */,
				CFC90494279F696E00709A1D /* TacToeModel.xcdatamodeld */,
			);
			path = iOS_advanced_labTest1;
			sourceTree = "<group>";
		};
/* End PBXGroup section */

/* Begin PBXNativeTarget section */
		CFF4A3942797465E00C8F5AB /* Lab1_litsonThomas_C0834476_iOS */ = {
			isa = PBXNativeTarget;
			buildConfigurationList = CFF4A3A92797466000C8F5AB /* Build configuration list for PBXNativeTarget "Lab1_litsonThomas_C0834476_iOS" */;
			buildPhases = (
				CFF4A3912797465E00C8F5AB /* Sources */,
				CFF4A3922797465E00C8F5AB /* Frameworks */,
				CFF4A3932797465E00C8F5AB /* Resources */,
			);
			buildRules = (
			);
			dependencies = (
			);
			name = Lab1_litsonThomas_C0834476_iOS;
			productName = iOS_advanced_labTest1;
			productReference = CFF4A3952797465E00C8F5AB /* Lab1_litsonThomas_C0834476_iOS.app */;
			productType = "com.apple.product-type.application";
		};
/* End PBXNativeTarget section */

/* Begin PBXProject section */
		CFF4A38D2797465E00C8F5AB /* Project object */ = {
			isa = PBXProject;
			attributes = {
				BuildIndependentTargetsInParallel = 1;
				LastSwiftUpdateCheck = 1300;
				LastUpgradeCheck = 1300;
				TargetAttributes = {
					CFF4A3942797465E00C8F5AB = {
						CreatedOnToolsVersion = 13.0;
					};
				};
			};
			buildConfigurationList = CFF4A3902797465E00C8F5AB /* Build configuration list for PBXProject "Lab1_litsonThomas_C0834476_iOS" */;
			compatibilityVersion = "Xcode 13.0";
			developmentRegion = en;
			hasScannedForEncodings = 0;
			knownRegions = (
				en,
				Base,
			);
			mainGroup = CFF4A38C2797465E00C8F5AB;
			productRefGroup = CFF4A3962797465E00C8F5AB /* Products */;
			projectDirPath = "";
			projectRoot = "";
			targets = (
				CFF4A3942797465E00C8F5AB /* Lab1_litsonThomas_C0834476_iOS */,
			);
		};
/* End PBXProject section */

/* Begin PBXResourcesBuildPhase section */
		CFF4A3932797465E00C8F5AB /* Resources */ = {
			isa = PBXResourcesBuildPhase;
			buildActionMask = 2147483647;
			files = (
				CFF4A3A52797466000C8F5AB /* LaunchScreen.storyboard in Resources */,
				CFF4A3A22797466000C8F5AB /* Assets.xcassets in Resources */,
				CFF4A3A02797465E00C8F5AB /* Main.storyboard in Resources */,
			);
			runOnlyForDeploymentPostprocessing = 0;
		};
/* End PBXResourcesBuildPhase section */

/* Begin PBXSourcesBuildPhase section */
		CFF4A3912797465E00C8F5AB /* Sources */ = {
			isa = PBXSourcesBuildPhase;
			buildActionMask = 2147483647;
			files = (
				CFF4A39D2797465E00C8F5AB /* ViewController.swift in Sources */,
				CFF4A3992797465E00C8F5AB /* AppDelegate.swift in Sources */,
				CFF4A3B127978F7E00C8F5AB /* TacToe.swift in Sources */,
				CFC90496279F696E00709A1D /* TacToeModel.xcdatamodeld in Sources */,
				CFF4A39B2797465E00C8F5AB /* SceneDelegate.swift in Sources */,
				CFF4A3AD279755FB00C8F5AB /* styles.swift in Sources */,
			);
			runOnlyForDeploymentPostprocessing = 0;
		};
/* End PBXSourcesBuildPhase section */

/* Begin PBXVariantGroup section */
		CFF4A39E2797465E00C8F5AB /* Main.storyboard */ = {
			isa = PBXVariantGroup;
			children = (
				CFF4A39F2797465E00C8F5AB /* Base */,
			);
			name = Main.storyboard;
			sourceTree = "<group>";
		};
		CFF4A3A32797466000C8F5AB /* LaunchScreen.storyboard */ = {
			isa = PBXVariantGroup;
			children = (
				CFF4A3A42797466000C8F5AB /* Base */,
			);
			name = LaunchScreen.storyboard;
			sourceTree = "<group>";
		};
/* End PBXVariantGroup section */

/* Begin XCBuildConfiguration section */
		CFF4A3A72797466000C8F5AB /* Debug */ = {
			isa = XCBuildConfiguration;
			buildSettings = {
				ALWAYS_SEARCH_USER_PATHS = NO;
				CLANG_ANALYZER_NONNULL = YES;
				CLANG_ANALYZER_NUMBER_OBJECT_CONVERSION = YES_AGGRESSIVE;
				CLANG_CXX_LANGUAGE_STANDARD = "gnu++17";
				CLANG_CXX_LIBRARY = "libc++";
				CLANG_ENABLE_MODULES = YES;
				CLANG_ENABLE_OBJC_ARC = YES;
				CLANG_ENABLE_OBJC_WEAK = YES;
				CLANG_WARN_BLOCK_CAPTURE_AUTORELEASING = YES;
				CLANG_WARN_BOOL_CONVERSION = YES;
				CLANG_WARN_COMMA = YES;
				CLANG_WARN_CONSTANT_CONVERSION = YES;
				CLANG_WARN_DEPRECATED_OBJC_IMPLEMENTATIONS = YES;
				CLANG_WARN_DIRECT_OBJC_ISA_USAGE = YES_ERROR;
				CLANG_WARN_DOCUMENTATION_COMMENTS = YES;
				CLANG_WARN_EMPTY_BODY = YES;
				CLANG_WARN_ENUM_CONVERSION = YES;
				CLANG_WARN_INFINITE_RECURSION = YES;
				CLANG_WARN_INT_CONVERSION = YES;
				CLANG_WARN_NON_LITERAL_NULL_CONVERSION = YES;
				CLANG_WARN_OBJC_IMPLICIT_RETAIN_SELF = YES;
				CLANG_WARN_OBJC_LITERAL_CONVERSION = YES;
				CLANG_WARN_OBJC_ROOT_CLASS = YES_ERROR;
				CLANG_WARN_QUOTED_INCLUDE_IN_FRAMEWORK_HEADER = YES;
				CLANG_WARN_RANGE_LOOP_ANALYSIS = YES;
				CLANG_WARN_STRICT_PROTOTYPES = YES;
				CLANG_WARN_SUSPICIOUS_MOVE = YES;
				CLANG_WARN_UNGUARDED_AVAILABILITY = YES_AGGRESSIVE;
				CLANG_WARN_UNREACHABLE_CODE = YES;
				CLANG_WARN__DUPLICATE_METHOD_MATCH = YES;
				COPY_PHASE_STRIP = NO;
				DEBUG_INFORMATION_FORMAT = dwarf;
				ENABLE_STRICT_OBJC_MSGSEND = YES;
				ENABLE_TESTABILITY = YES;
				GCC_C_LANGUAGE_STANDARD = gnu11;
				GCC_DYNAMIC_NO_PIC = NO;
				GCC_NO_COMMON_BLOCKS = YES;
				GCC_OPTIMIZATION_LEVEL = 0;
				GCC_PREPROCESSOR_DEFINITIONS = (
					"DEBUG=1",
					"$(inherited)",
				);
				GCC_WARN_64_TO_32_BIT_CONVERSION = YES;
				GCC_WARN_ABOUT_RETURN_TYPE = YES_ERROR;
				GCC_WARN_UNDECLARED_SELECTOR = YES;
				GCC_WARN_UNINITIALIZED_AUTOS = YES_AGGRESSIVE;
				GCC_WARN_UNUSED_FUNCTION = YES;
				GCC_WARN_UNUSED_VARIABLE = YES;
				IPHONEOS_DEPLOYMENT_TARGET = 15.0;
				MTL_ENABLE_DEBUG_INFO = INCLUDE_SOURCE;
				MTL_FAST_MATH = YES;
				ONLY_ACTIVE_ARCH = YES;
				SDKROOT = iphoneos;
				SWIFT_ACTIVE_COMPILATION_CONDITIONS = DEBUG;
				SWIFT_OPTIMIZATION_LEVEL = "-Onone";
			};
			name = Debug;
		};
		CFF4A3A82797466000C8F5AB /* Release */ = {
			isa = XCBuildConfiguration;
			buildSettings = {
				ALWAYS_SEARCH_USER_PATHS = NO;
				CLANG_ANALYZER_NONNULL = YES;
				CLANG_ANALYZER_NUMBER_OBJECT_CONVERSION = YES_AGGRESSIVE;
				CLANG_CXX_LANGUAGE_STANDARD = "gnu++17";
				CLANG_CXX_LIBRARY = "libc++";
				CLANG_ENABLE_MODULES = YES;
				CLANG_ENABLE_OBJC_ARC = YES;
				CLANG_ENABLE_OBJC_WEAK = YES;
				CLANG_WARN_BLOCK_CAPTURE_AUTORELEASING = YES;
				CLANG_WARN_BOOL_CONVERSION = YES;
				CLANG_WARN_COMMA = YES;
				CLANG_WARN_CONSTANT_CONVERSION = YES;
				CLANG_WARN_DEPRECATED_OBJC_IMPLEMENTATIONS = YES;
				CLANG_WARN_DIRECT_OBJC_ISA_USAGE = YES_ERROR;
				CLANG_WARN_DOCUMENTATION_COMMENTS = YES;
				CLANG_WARN_EMPTY_BODY = YES;
				CLANG_WARN_ENUM_CONVERSION = YES;
				CLANG_WARN_INFINITE_RECURSION = YES;
				CLANG_WARN_INT_CONVERSION = YES;
				CLANG_WARN_NON_LITERAL_NULL_CONVERSION = YES;
				CLANG_WARN_OBJC_IMPLICIT_RETAIN_SELF = YES;
				CLANG_WARN_OBJC_LITERAL_CONVERSION = YES;
				CLANG_WARN_OBJC_ROOT_CLASS = YES_ERROR;
				CLANG_WARN_QUOTED_INCLUDE_IN_FRAMEWORK_HEADER = YES;
				CLANG_WARN_RANGE_LOOP_ANALYSIS = YES;
				CLANG_WARN_STRICT_PROTOTYPES = YES;
				CLANG_WARN_SUSPICIOUS_MOVE = YES;
				CLANG_WARN_UNGUARDED_AVAILABILITY = YES_AGGRESSIVE;
				CLANG_WARN_UNREACHABLE_CODE = YES;
				CLANG_WARN__DUPLICATE_METHOD_MATCH = YES;
				COPY_PHASE_STRIP = NO;
				DEBUG_INFORMATION_FORMAT = "dwarf-with-dsym";
				ENABLE_NS_ASSERTIONS = NO;
				ENABLE_STRICT_OBJC_MSGSEND = YES;
				GCC_C_LANGUAGE_STANDARD = gnu11;
				GCC_NO_COMMON_BLOCKS = YES;
				GCC_WARN_64_TO_32_BIT_CONVERSION = YES;
				GCC_WARN_ABOUT_RETURN_TYPE = YES_ERROR;
				GCC_WARN_UNDECLARED_SELECTOR = YES;
				GCC_WARN_UNINITIALIZED_AUTOS = YES_AGGRESSIVE;
				GCC_WARN_UNUSED_FUNCTION = YES;
				GCC_WARN_UNUSED_VARIABLE = YES;
				IPHONEOS_DEPLOYMENT_TARGET = 15.0;
				MTL_ENABLE_DEBUG_INFO = NO;
				MTL_FAST_MATH = YES;
				SDKROOT = iphoneos;
				SWIFT_COMPILATION_MODE = wholemodule;
				SWIFT_OPTIMIZATION_LEVEL = "-O";
				VALIDATE_PRODUCT = YES;
			};
			name = Release;
		};
		CFF4A3AA2797466000C8F5AB /* Debug */ = {
			isa = XCBuildConfiguration;
			buildSettings = {
				ASSETCATALOG_COMPILER_APPICON_NAME = AppIcon;
				ASSETCATALOG_COMPILER_GLOBAL_ACCENT_COLOR_NAME = AccentColor;
				CODE_SIGN_STYLE = Automatic;
				CURRENT_PROJECT_VERSION = 1;
				GENERATE_INFOPLIST_FILE = YES;
				INFOPLIST_FILE = iOS_advanced_labTest1/Info.plist;
				INFOPLIST_KEY_CFBundleDisplayName = Lab1_litsonThomas_C0834476_iOS;
				INFOPLIST_KEY_UIApplicationSupportsIndirectInputEvents = YES;
				INFOPLIST_KEY_UILaunchStoryboardName = LaunchScreen;
				INFOPLIST_KEY_UIMainStoryboardFile = Main;
				INFOPLIST_KEY_UISupportedInterfaceOrientations_iPad = "UIInterfaceOrientationPortrait UIInterfaceOrientationPortraitUpsideDown UIInterfaceOrientationLandscapeLeft UIInterfaceOrientationLandscapeRight";
				INFOPLIST_KEY_UISupportedInterfaceOrientations_iPhone = "UIInterfaceOrientationPortrait UIInterfaceOrientationLandscapeLeft UIInterfaceOrientationLandscapeRight";
				LD_RUNPATH_SEARCH_PATHS = (
					"$(inherited)",
					"@executable_path/Frameworks",
				);
				MARKETING_VERSION = 1.0;
				PRODUCT_BUNDLE_IDENTIFIER = "litsonthomas.iOS-advanced-labTest1";
				PRODUCT_NAME = "$(TARGET_NAME)";
				SWIFT_EMIT_LOC_STRINGS = YES;
				SWIFT_VERSION = 5.0;
				TARGETED_DEVICE_FAMILY = "1,2";
			};
			name = Debug;
		};
		CFF4A3AB2797466000C8F5AB /* Release */ = {
			isa = XCBuildConfiguration;
			buildSettings = {
				ASSETCATALOG_COMPILER_APPICON_NAME = AppIcon;
				ASSETCATALOG_COMPILER_GLOBAL_ACCENT_COLOR_NAME = AccentColor;
				CODE_SIGN_STYLE = Automatic;
				CURRENT_PROJECT_VERSION = 1;
				GENERATE_INFOPLIST_FILE = YES;
				INFOPLIST_FILE = iOS_advanced_labTest1/Info.plist;
				INFOPLIST_KEY_CFBundleDisplayName = Lab1_litsonThomas_C0834476_iOS;
				INFOPLIST_KEY_UIApplicationSupportsIndirectInputEvents = YES;
				INFOPLIST_KEY_UILaunchStoryboardName = LaunchScreen;
				INFOPLIST_KEY_UIMainStoryboardFile = Main;
				INFOPLIST_KEY_UISupportedInterfaceOrientations_iPad = "UIInterfaceOrientationPortrait UIInterfaceOrientationPortraitUpsideDown UIInterfaceOrientationLandscapeLeft UIInterfaceOrientationLandscapeRight";
				INFOPLIST_KEY_UISupportedInterfaceOrientations_iPhone = "UIInterfaceOrientationPortrait UIInterfaceOrientationLandscapeLeft UIInterfaceOrientationLandscapeRight";
				LD_RUNPATH_SEARCH_PATHS = (
					"$(inherited)",
					"@executable_path/Frameworks",
				);
				MARKETING_VERSION = 1.0;
				PRODUCT_BUNDLE_IDENTIFIER = "litsonthomas.iOS-advanced-labTest1";
				PRODUCT_NAME = "$(TARGET_NAME)";
				SWIFT_EMIT_LOC_STRINGS = YES;
				SWIFT_VERSION = 5.0;
				TARGETED_DEVICE_FAMILY = "1,2";
			};
			name = Release;
		};
/* End XCBuildConfiguration section */

/* Begin XCConfigurationList section */
		CFF4A3902797465E00C8F5AB /* Build configuration list for PBXProject "Lab1_litsonThomas_C0834476_iOS" */ = {
			isa = XCConfigurationList;
			buildConfigurations = (
				CFF4A3A72797466000C8F5AB /* Debug */,
				CFF4A3A82797466000C8F5AB /* Release */,
			);
			defaultConfigurationIsVisible = 0;
			defaultConfigurationName = Release;
		};
		CFF4A3A92797466000C8F5AB /* Build configuration list for PBXNativeTarget "Lab1_litsonThomas_C0834476_iOS" */ = {
			isa = XCConfigurationList;
			buildConfigurations = (
				CFF4A3AA2797466000C8F5AB /* Debug */,
				CFF4A3AB2797466000C8F5AB /* Release */,
			);
			defaultConfigurationIsVisible = 0;
			defaultConfigurationName = Release;
		};
/* End XCConfigurationList section */

/* Begin XCVersionGroup section */
		CFC90494279F696E00709A1D /* TacToeModel.xcdatamodeld */ = {
			isa = XCVersionGroup;
			children = (
				CFC90495279F696E00709A1D /* TacToeModel.xcdatamodel */,
			);
			currentVersion = CFC90495279F696E00709A1D /* TacToeModel.xcdatamodel */;
			path = TacToeModel.xcdatamodeld;
			sourceTree = "<group>";
			versionGroupType = wrapper.xcdatamodel;
		};
/* End XCVersionGroup section */
	};
	rootObject = CFF4A38D2797465E00C8F5AB /* Project object */;
}
